
Microsoft Visual Studio Solution File, Format Version 12.00
# Visual Studio 15
VisualStudioVersion = 15.0.26430.15
MinimumVisualStudioVersion = 10.0.40219.1
Project("{FAE04EC0-301F-11D3-BF4B-00C04F79EFBC}") = "ClassLibrary1", "ClassLibrary1\ClassLibrary1.csproj", "{F4468424-CFA3-4B36-BF42-2C05C3B26BEC}"
EndProject
Project("{FAE04EC0-301F-11D3-BF4B-00C04F79EFBC}") = "emanager.web", "emanager.web\emanager.web.csproj", "{D75FD758-90A5-47FE-943A-7795C110451A}"
EndProject
Project("{FAE04EC0-301F-11D3-BF4B-00C04F79EFBC}") = "ClassLibrary2", "ClassLibrary2\ClassLibrary2.csproj", "{220DC32E-E702-4C16-8F04-000D6E841605}"
EndProject
Global
	GlobalSection(SolutionConfigurationPlatforms) = preSolution
		Debug|Any CPU = Debug|Any CPU
		Release|Any CPU = Release|Any CPU
	EndGlobalSection
	GlobalSection(ProjectConfigurationPlatforms) = postSolution
		{F4468424-CFA3-4B36-BF42-2C05C3B26BEC}.Debug|Any CPU.ActiveCfg = Debug|Any CPU
		{F4468424-CFA3-4B36-BF42-2C05C3B26BEC}.Debug|Any CPU.Build.0 = Debug|Any CPU
		{F4468424-CFA3-4B36-BF42-2C05C3B26BEC}.Release|Any CPU.ActiveCfg = Release|Any CPU
		{F4468424-CFA3-4B36-BF42-2C05C3B26BEC}.Release|Any CPU.Build.0 = Release|Any CPU
		{D75FD758-90A5-47FE-943A-7795C110451A}.Debug|Any CPU.ActiveCfg = Debug|Any CPU
		{D75FD758-90A5-47FE-943A-7795C110451A}.Debug|Any CPU.Build.0 = Debug|Any CPU
		{D75FD758-90A5-47FE-943A-7795C110451A}.Release|Any CPU.ActiveCfg = Release|Any CPU
		{D75FD758-90A5-47FE-943A-7795C110451A}.Release|Any CPU.Build.0 = Release|Any CPU
		{220DC32E-E702-4C16-8F04-000D6E841605}.Debug|Any CPU.ActiveCfg = Debug|Any CPU
		{220DC32E-E702-4C16-8F04-000D6E841605}.Debug|Any CPU.Build.0 = Debug|Any CPU
		{220DC32E-E702-4C16-8F04-000D6E841605}.Release|Any CPU.ActiveCfg = Release|Any CPU
		{220DC32E-E702-4C16-8F04-000D6E841605}.Release|Any CPU.Build.0 = Release|Any CPU
	EndGlobalSection
	GlobalSection(SolutionProperties) = preSolution
		HideSolutionNode = FALSE
	EndGlobalSection
EndGlobal
